
Microsoft Visual Studio Solution File, Format Version 12.00
# Visual Studio 2015
Project("{FAE04EC0-301F-11D3-BF4B-00C04F79EFBC}") = "Dungeon Breakers.CSharp.Plugins", "Dungeon Breakers.CSharp.Plugins.csproj", "{167C5F47-7FA0-D794-9A54-6A229D36CA39}"
EndProject
Project("{FAE04EC0-301F-11D3-BF4B-00C04F79EFBC}") = "Dungeon Breakers.CSharp", "Dungeon Breakers.CSharp.csproj", "{A1004A67-1954-16E2-C016-451ABF52CDC2}"
EndProject
Project("{FAE04EC0-301F-11D3-BF4B-00C04F79EFBC}") = "Dungeon Breakers.CSharp.Editor", "Dungeon Breakers.CSharp.Editor.csproj", "{E64A4DFA-3AE7-19DE-3F32-72E7D69193BC}"
EndProject
Global
	GlobalSection(SolutionConfigurationPlatforms) = preSolution
		Debug|Any CPU = Debug|Any CPU
		Release|Any CPU = Release|Any CPU
	EndGlobalSection
	GlobalSection(ProjectConfigurationPlatforms) = postSolution
		{167C5F47-7FA0-D794-9A54-6A229D36CA39}.Debug|Any CPU.ActiveCfg = Debug|Any CPU
		{167C5F47-7FA0-D794-9A54-6A229D36CA39}.Debug|Any CPU.Build.0 = Debug|Any CPU
		{167C5F47-7FA0-D794-9A54-6A229D36CA39}.Release|Any CPU.ActiveCfg = Release|Any CPU
		{167C5F47-7FA0-D794-9A54-6A229D36CA39}.Release|Any CPU.Build.0 = Release|Any CPU
		{A1004A67-1954-16E2-C016-451ABF52CDC2}.Debug|Any CPU.ActiveCfg = Debug|Any CPU
		{A1004A67-1954-16E2-C016-451ABF52CDC2}.Debug|Any CPU.Build.0 = Debug|Any CPU
		{A1004A67-1954-16E2-C016-451ABF52CDC2}.Release|Any CPU.ActiveCfg = Release|Any CPU
		{A1004A67-1954-16E2-C016-451ABF52CDC2}.Release|Any CPU.Build.0 = Release|Any CPU
		{E64A4DFA-3AE7-19DE-3F32-72E7D69193BC}.Debug|Any CPU.ActiveCfg = Debug|Any CPU
		{E64A4DFA-3AE7-19DE-3F32-72E7D69193BC}.Debug|Any CPU.Build.0 = Debug|Any CPU
		{E64A4DFA-3AE7-19DE-3F32-72E7D69193BC}.Release|Any CPU.ActiveCfg = Release|Any CPU
		{E64A4DFA-3AE7-19DE-3F32-72E7D69193BC}.Release|Any CPU.Build.0 = Release|Any CPU
	EndGlobalSection
	GlobalSection(SolutionProperties) = preSolution
		HideSolutionNode = FALSE
	EndGlobalSection
EndGlobal
